
Microsoft Visual Studio Solution File, Format Version 12.00
# Visual Studio 15
VisualStudioVersion = 15.0.27703.2018
MinimumVisualStudioVersion = 10.0.40219.1
Project("{FAE04EC0-301F-11D3-BF4B-00C04F79EFBC}") = "Escalonador", "Escalonador\Escalonador.csproj", "{DDF5438D-27FB-41A9-916A-7BB4939C8020}"
EndProject
Global
	GlobalSection(SolutionConfigurationPlatforms) = preSolution
		Debug|Any CPU = Debug|Any CPU
		Release|Any CPU = Release|Any CPU
	EndGlobalSection
	GlobalSection(ProjectConfigurationPlatforms) = postSolution
		{DDF5438D-27FB-41A9-916A-7BB4939C8020}.Debug|Any CPU.ActiveCfg = Debug|Any CPU
		{DDF5438D-27FB-41A9-916A-7BB4939C8020}.Debug|Any CPU.Build.0 = Debug|Any CPU
		{DDF5438D-27FB-41A9-916A-7BB4939C8020}.Release|Any CPU.ActiveCfg = Release|Any CPU
		{DDF5438D-27FB-41A9-916A-7BB4939C8020}.Release|Any CPU.Build.0 = Release|Any CPU
	EndGlobalSection
	GlobalSection(SolutionProperties) = preSolution
		HideSolutionNode = FALSE
	EndGlobalSection
	GlobalSection(ExtensibilityGlobals) = postSolution
		SolutionGuid = {23DEF8F5-44E3-4FC2-9AA9-862FAEAB4A69}
	EndGlobalSection
EndGlobal
